
Microsoft Visual Studio Solution File, Format Version 12.00
# Visual Studio Version 17
VisualStudioVersion = 17.9.34723.18
MinimumVisualStudioVersion = 10.0.40219.1
Project("{FAE04EC0-301F-11D3-BF4B-00C04F79EFBC}") = "Temperatures", "Temperatures.csproj", "{2BAAC719-43B8-40F8-A7C3-F870169F9046}"
EndProject
Global
	GlobalSection(SolutionConfigurationPlatforms) = preSolution
		Debug|Any CPU = Debug|Any CPU
		Release|Any CPU = Release|Any CPU
	EndGlobalSection
	GlobalSection(ProjectConfigurationPlatforms) = postSolution
		{2BAAC719-43B8-40F8-A7C3-F870169F9046}.Debug|Any CPU.ActiveCfg = Debug|Any CPU
		{2BAAC719-43B8-40F8-A7C3-F870169F9046}.Debug|Any CPU.Build.0 = Debug|Any CPU
		{2BAAC719-43B8-40F8-A7C3-F870169F9046}.Release|Any CPU.ActiveCfg = Release|Any CPU
		{2BAAC719-43B8-40F8-A7C3-F870169F9046}.Release|Any CPU.Build.0 = Release|Any CPU
	EndGlobalSection
	GlobalSection(SolutionProperties) = preSolution
		HideSolutionNode = FALSE
	EndGlobalSection
	GlobalSection(ExtensibilityGlobals) = postSolution
		SolutionGuid = {6D6F0D31-20C0-4827-8355-640F7F8DF189}
	EndGlobalSection
EndGlobal
